
Microsoft Visual Studio Solution File, Format Version 11.00
# Visual Studio 2010
Project("{FAE04EC0-301F-11D3-BF4B-00C04F79EFBC}") = "Dreamachine", "Assembly-CSharp.csproj", "{56698E0E-2694-EE04-A5C0-0FFB76F46CC8}"
EndProject
Project("{FAE04EC0-301F-11D3-BF4B-00C04F79EFBC}") = "Dreamachine", "Assembly-CSharp-Editor.csproj", "{DE24F620-3BE3-46F4-0CA9-1BBE6BC378F4}"
EndProject
Global
	GlobalSection(SolutionConfigurationPlatforms) = preSolution
		Debug|Any CPU = Debug|Any CPU
		Release|Any CPU = Release|Any CPU
	EndGlobalSection
	GlobalSection(ProjectConfigurationPlatforms) = postSolution
		{56698E0E-2694-EE04-A5C0-0FFB76F46CC8}.Debug|Any CPU.ActiveCfg = Debug|Any CPU
		{56698E0E-2694-EE04-A5C0-0FFB76F46CC8}.Debug|Any CPU.Build.0 = Debug|Any CPU
		{56698E0E-2694-EE04-A5C0-0FFB76F46CC8}.Release|Any CPU.ActiveCfg = Release|Any CPU
		{56698E0E-2694-EE04-A5C0-0FFB76F46CC8}.Release|Any CPU.Build.0 = Release|Any CPU
		{DE24F620-3BE3-46F4-0CA9-1BBE6BC378F4}.Debug|Any CPU.ActiveCfg = Debug|Any CPU
		{DE24F620-3BE3-46F4-0CA9-1BBE6BC378F4}.Debug|Any CPU.Build.0 = Debug|Any CPU
		{DE24F620-3BE3-46F4-0CA9-1BBE6BC378F4}.Release|Any CPU.ActiveCfg = Release|Any CPU
		{DE24F620-3BE3-46F4-0CA9-1BBE6BC378F4}.Release|Any CPU.Build.0 = Release|Any CPU
	EndGlobalSection
	GlobalSection(SolutionProperties) = preSolution
		HideSolutionNode = FALSE
	EndGlobalSection
	GlobalSection(MonoDevelopProperties) = preSolution
		StartupItem = Assembly-CSharp.csproj
	EndGlobalSection
EndGlobal
